
Microsoft Visual Studio Solution File, Format Version 12.00
# Visual Studio Version 17
VisualStudioVersion = 17.9.34723.18
MinimumVisualStudioVersion = 10.0.40219.1
Project("{888888A0-9F3D-457C-B088-3A5042F75D52}") = "IT499_Test", "IT499_Test\IT499_Test.pyproj", "{D0EA5F4C-C1E5-4B9D-8A58-7F92B3E9FD5E}"
EndProject
Global
	GlobalSection(SolutionConfigurationPlatforms) = preSolution
		Debug|Any CPU = Debug|Any CPU
		Release|Any CPU = Release|Any CPU
	EndGlobalSection
	GlobalSection(ProjectConfigurationPlatforms) = postSolution
		{D0EA5F4C-C1E5-4B9D-8A58-7F92B3E9FD5E}.Debug|Any CPU.ActiveCfg = Debug|Any CPU
		{D0EA5F4C-C1E5-4B9D-8A58-7F92B3E9FD5E}.Release|Any CPU.ActiveCfg = Release|Any CPU
	EndGlobalSection
	GlobalSection(SolutionProperties) = preSolution
		HideSolutionNode = FALSE
	EndGlobalSection
	GlobalSection(ExtensibilityGlobals) = postSolution
		SolutionGuid = {9403A67E-40CB-46D7-953C-70655CBA65B8}
	EndGlobalSection
EndGlobal
